{
    "_readme": [
        "This file locks the dependencies of your project to a known state",
        "Read more about it at https://getcomposer.org/doc/01-basic-usage.md#composer-lock-the-lock-file",
        "This file is @generated automatically"
    ],
    "hash": "212e61ae9c1ad3020eaa737f44879b32",
    "content-hash": "3b77f84bffb8085b0022edf3939c0675",
    "packages": [
        {
            "name": "ethanclevenger91/amazon-wish-lister",
            "version": "dev-master",
            "source": {
                "type": "git",
                "url": "https://github.com/ethanclevenger91/amazon-wish-lister.git",
                "reference": "f6692c80f84a51e1434edfb4e8d12834cde4441a"
            },
            "dist": {
                "type": "zip",
                "url": "https://api.github.com/repos/ethanclevenger91/amazon-wish-lister/zipball/f6692c80f84a51e1434edfb4e8d12834cde4441a",
                "reference": "f6692c80f84a51e1434edfb4e8d12834cde4441a",
                "shasum": ""
            },
            "type": "library",
            "authors": [
                {
                    "name": "Justin Scarpetti",
                    "homepage": "http://www.justinscarpetti.com/"
                }
            ],
            "description": "Retrieve Amazon Wishlist and output to JSON, XML, or PHP Array Object http://www.justinscarpetti.com/portfolio/amazon-wish-lister/. Forked Feb. 2016 to add Author & ISBN cap.",
            "support": {
                "source": "https://github.com/ethanclevenger91/amazon-wish-lister/tree/master"
            },
            "time": "2016-02-19 23:01:25"
        },
        {
            "name": "lusitanian/oauth",
            "version": "dev-goodreads",
            "source": {
                "type": "git",
                "url": "https://github.com/ethanclevenger91/PHPoAuthLib.git",
                "reference": "8761e6d2df080c0c40a599468394990feb90b034"
            },
            "dist": {
                "type": "zip",
                "url": "https://api.github.com/repos/ethanclevenger91/PHPoAuthLib/zipball/8761e6d2df080c0c40a599468394990feb90b034",
                "reference": "8761e6d2df080c0c40a599468394990feb90b034",
                "shasum": ""
            },
            "require": {
                "php": ">=5.3.0"
            },
            "require-dev": {
                "phpunit/phpunit": "3.7.*",
                "predis/predis": "0.8.*@dev",
                "squizlabs/php_codesniffer": "2.*",
                "symfony/http-foundation": "~2.1"
            },
            "suggest": {
                "ext-openssl": "Allows for usage of secure connections with the stream-based HTTP client.",
                "predis/predis": "Allows using the Redis storage backend.",
                "symfony/http-foundation": "Allows using the Symfony Session storage backend."
            },
            "type": "library",
            "extra": {
                "branch-alias": {
                    "dev-master": "0.1-dev"
                }
            },
            "autoload": {
                "psr-0": {
                    "OAuth": "src",
                    "OAuth\\Unit": "tests"
                }
            },
            "license": [
                "MIT"
            ],
            "authors": [
                {
                    "name": "David Desberg",
                    "email": "david@daviddesberg.com"
                },
                {
                    "name": "Pieter Hordijk",
                    "email": "info@pieterhordijk.com"
                },
                {
                    "name": "Elliot Chance",
                    "email": "elliotchance@gmail.com"
                }
            ],
            "description": "PHP 5.3+ oAuth 1/2 Library",
            "keywords": [
                "authentication",
                "authorization",
                "oauth",
                "security"
            ],
            "support": {
                "source": "https://github.com/ethanclevenger91/PHPoAuthLib/tree/goodreads"
            },
            "time": "2016-02-20 05:47:19"
        }
    ],
    "packages-dev": [],
    "aliases": [],
    "minimum-stability": "stable",
    "stability-flags": {
        "ethanclevenger91/amazon-wish-lister": 20,
        "lusitanian/oauth": 20
    },
    "prefer-stable": false,
    "prefer-lowest": false,
    "platform": [],
    "platform-dev": []
}
