{
    "_readme": [
        "This file locks the dependencies of your project to a known state",
        "Read more about it at https://getcomposer.org/doc/01-basic-usage.md#composer-lock-the-lock-file",
        "This file is @generated automatically"
    ],
    "hash": "9d8cafad6587da21b15f8b46f7a57e2a",
    "content-hash": "0d54d9103408417fa39519dd3e32cad7",
    "packages": [
        {
            "name": "ethanclevenger91/amazon-wish-lister",
            "version": "dev-master",
            "source": {
                "type": "git",
                "url": "https://github.com/ethanclevenger91/amazon-wish-lister.git",
                "reference": "f6692c80f84a51e1434edfb4e8d12834cde4441a"
            },
            "dist": {
                "type": "zip",
                "url": "https://api.github.com/repos/ethanclevenger91/amazon-wish-lister/zipball/f6692c80f84a51e1434edfb4e8d12834cde4441a",
                "reference": "f6692c80f84a51e1434edfb4e8d12834cde4441a",
                "shasum": ""
            },
            "type": "library",
            "authors": [
                {
                    "name": "Justin Scarpetti",
                    "homepage": "http://www.justinscarpetti.com/"
                }
            ],
            "description": "Retrieve Amazon Wishlist and output to JSON, XML, or PHP Array Object http://www.justinscarpetti.com/portfolio/amazon-wish-lister/. Forked Feb. 2016 to add Author & ISBN cap.",
            "support": {
                "source": "https://github.com/ethanclevenger91/amazon-wish-lister/tree/master"
            },
            "time": "2016-02-19 23:01:25"
        },
        {
            "name": "ethanclevenger91/goodreads-oauth",
            "version": "dev-master",
            "source": {
                "type": "git",
                "url": "https://github.com/ethanclevenger91/goodreads-oauth.git",
                "reference": "9c9700567edc8534a8235a37300b6b3b3d3b01ba"
            },
            "dist": {
                "type": "zip",
                "url": "https://api.github.com/repos/ethanclevenger91/goodreads-oauth/zipball/9c9700567edc8534a8235a37300b6b3b3d3b01ba",
                "reference": "9c9700567edc8534a8235a37300b6b3b3d3b01ba",
                "shasum": ""
            },
            "type": "library",
            "autoload": {
                "psr-0": {
                    "GoodreadsOauth": "src/"
                }
            },
            "authors": [
                {
                    "name": "Ethan Clevenger",
                    "email": "ethan.c.clevenger@gmail.com"
                }
            ],
            "description": "OAuth for Goodreads",
            "support": {
                "source": "https://github.com/ethanclevenger91/goodreads-oauth/tree/master",
                "issues": "https://github.com/ethanclevenger91/goodreads-oauth/issues"
            },
            "time": "2016-02-19 23:04:35"
        },
        {
            "name": "lusitanian/oauth",
            "version": "dev-goodreads",
            "source": {
                "type": "git",
                "url": "https://github.com/ethanclevenger91/PHPoAuthLib.git",
                "reference": "5069fb3c5777d5264295bf14798a52ef452f9325"
            },
            "dist": {
                "type": "zip",
                "url": "https://api.github.com/repos/ethanclevenger91/PHPoAuthLib/zipball/5069fb3c5777d5264295bf14798a52ef452f9325",
                "reference": "5069fb3c5777d5264295bf14798a52ef452f9325",
                "shasum": ""
            },
            "require": {
                "php": ">=5.3.0"
            },
            "require-dev": {
                "phpunit/phpunit": "3.7.*",
                "predis/predis": "0.8.*@dev",
                "squizlabs/php_codesniffer": "2.*",
                "symfony/http-foundation": "~2.1"
            },
            "suggest": {
                "ext-openssl": "Allows for usage of secure connections with the stream-based HTTP client.",
                "predis/predis": "Allows using the Redis storage backend.",
                "symfony/http-foundation": "Allows using the Symfony Session storage backend."
            },
            "type": "library",
            "extra": {
                "branch-alias": {
                    "dev-master": "0.1-dev"
                }
            },
            "autoload": {
                "psr-0": {
                    "OAuth": "src",
                    "OAuth\\Unit": "tests"
                }
            },
            "license": [
                "MIT"
            ],
            "authors": [
                {
                    "name": "David Desberg",
                    "email": "david@daviddesberg.com"
                },
                {
                    "name": "Pieter Hordijk",
                    "email": "info@pieterhordijk.com"
                },
                {
                    "name": "Elliot Chance",
                    "email": "elliotchance@gmail.com"
                }
            ],
            "description": "PHP 5.3+ oAuth 1/2 Library",
            "keywords": [
                "authentication",
                "authorization",
                "oauth",
                "security"
            ],
            "support": {
                "source": "https://github.com/ethanclevenger91/PHPoAuthLib/tree/goodreads"
            },
            "time": "2016-02-20 00:44:30"
        }
    ],
    "packages-dev": [],
    "aliases": [],
    "minimum-stability": "stable",
    "stability-flags": {
        "ethanclevenger91/amazon-wish-lister": 20,
        "ethanclevenger91/goodreads-oauth": 20,
        "lusitanian/oauth": 20
    },
    "prefer-stable": false,
    "prefer-lowest": false,
    "platform": [],
    "platform-dev": []
}
